
Microsoft Visual Studio Solution File, Format Version 12.00
# Visual Studio Version 16
VisualStudioVersion = 16.0.31702.278
MinimumVisualStudioVersion = 10.0.40219.1
Project("{FAE04EC0-301F-11D3-BF4B-00C04F79EFBC}") = "Entities", "Entities\Entities.csproj", "{5EEF0B03-AA57-4281-B64F-894996870C66}"
EndProject
Project("{FAE04EC0-301F-11D3-BF4B-00C04F79EFBC}") = "DataAccess", "DataAccess\DataAccess.csproj", "{54137002-4BD4-404A-899C-0F1AE95BC04F}"
EndProject
Project("{FAE04EC0-301F-11D3-BF4B-00C04F79EFBC}") = "Business", "Business\Business.csproj", "{78D3315D-843C-4F84-8026-321C4441E59C}"
EndProject
Project("{FAE04EC0-301F-11D3-BF4B-00C04F79EFBC}") = "ConsoleUI", "UserUI\ConsoleUI.csproj", "{2B7F5FD6-F679-4011-BCA5-13E350A7CB21}"
EndProject
Global
	GlobalSection(SolutionConfigurationPlatforms) = preSolution
		Debug|Any CPU = Debug|Any CPU
		Release|Any CPU = Release|Any CPU
	EndGlobalSection
	GlobalSection(ProjectConfigurationPlatforms) = postSolution
		{5EEF0B03-AA57-4281-B64F-894996870C66}.Debug|Any CPU.ActiveCfg = Debug|Any CPU
		{5EEF0B03-AA57-4281-B64F-894996870C66}.Debug|Any CPU.Build.0 = Debug|Any CPU
		{5EEF0B03-AA57-4281-B64F-894996870C66}.Release|Any CPU.ActiveCfg = Release|Any CPU
		{5EEF0B03-AA57-4281-B64F-894996870C66}.Release|Any CPU.Build.0 = Release|Any CPU
		{54137002-4BD4-404A-899C-0F1AE95BC04F}.Debug|Any CPU.ActiveCfg = Debug|Any CPU
		{54137002-4BD4-404A-899C-0F1AE95BC04F}.Debug|Any CPU.Build.0 = Debug|Any CPU
		{54137002-4BD4-404A-899C-0F1AE95BC04F}.Release|Any CPU.ActiveCfg = Release|Any CPU
		{54137002-4BD4-404A-899C-0F1AE95BC04F}.Release|Any CPU.Build.0 = Release|Any CPU
		{78D3315D-843C-4F84-8026-321C4441E59C}.Debug|Any CPU.ActiveCfg = Debug|Any CPU
		{78D3315D-843C-4F84-8026-321C4441E59C}.Debug|Any CPU.Build.0 = Debug|Any CPU
		{78D3315D-843C-4F84-8026-321C4441E59C}.Release|Any CPU.ActiveCfg = Release|Any CPU
		{78D3315D-843C-4F84-8026-321C4441E59C}.Release|Any CPU.Build.0 = Release|Any CPU
		{2B7F5FD6-F679-4011-BCA5-13E350A7CB21}.Debug|Any CPU.ActiveCfg = Debug|Any CPU
		{2B7F5FD6-F679-4011-BCA5-13E350A7CB21}.Debug|Any CPU.Build.0 = Debug|Any CPU
		{2B7F5FD6-F679-4011-BCA5-13E350A7CB21}.Release|Any CPU.ActiveCfg = Release|Any CPU
		{2B7F5FD6-F679-4011-BCA5-13E350A7CB21}.Release|Any CPU.Build.0 = Release|Any CPU
	EndGlobalSection
	GlobalSection(SolutionProperties) = preSolution
		HideSolutionNode = FALSE
	EndGlobalSection
	GlobalSection(ExtensibilityGlobals) = postSolution
		SolutionGuid = {CD24FE7E-BFA2-4947-9D87-7A7FB2A218B2}
	EndGlobalSection
EndGlobal
